
Microsoft Visual Studio Solution File, Format Version 12.00
# Visual Studio 14
VisualStudioVersion = 14.0.24720.0
MinimumVisualStudioVersion = 10.0.40219.1
Project("{FAE04EC0-301F-11D3-BF4B-00C04F79EFBC}") = "SmartH2O_DU", "SmartH2O_DU\SmartH2O_DU.csproj", "{6A189BBA-2D94-470C-87FA-DABFB439B253}"
EndProject
Project("{FAE04EC0-301F-11D3-BF4B-00C04F79EFBC}") = "SmartH2O_Teste", "martH2O_Alarm\SmartH2O_Teste.csproj", "{4BA49D3D-569D-4F0A-A9C3-167769EA1729}"
EndProject
Global
	GlobalSection(SolutionConfigurationPlatforms) = preSolution
		Debug|Any CPU = Debug|Any CPU
		Release|Any CPU = Release|Any CPU
	EndGlobalSection
	GlobalSection(ProjectConfigurationPlatforms) = postSolution
		{6A189BBA-2D94-470C-87FA-DABFB439B253}.Debug|Any CPU.ActiveCfg = Debug|Any CPU
		{6A189BBA-2D94-470C-87FA-DABFB439B253}.Debug|Any CPU.Build.0 = Debug|Any CPU
		{6A189BBA-2D94-470C-87FA-DABFB439B253}.Release|Any CPU.ActiveCfg = Release|Any CPU
		{6A189BBA-2D94-470C-87FA-DABFB439B253}.Release|Any CPU.Build.0 = Release|Any CPU
		{4BA49D3D-569D-4F0A-A9C3-167769EA1729}.Debug|Any CPU.ActiveCfg = Debug|Any CPU
		{4BA49D3D-569D-4F0A-A9C3-167769EA1729}.Debug|Any CPU.Build.0 = Debug|Any CPU
		{4BA49D3D-569D-4F0A-A9C3-167769EA1729}.Release|Any CPU.ActiveCfg = Release|Any CPU
		{4BA49D3D-569D-4F0A-A9C3-167769EA1729}.Release|Any CPU.Build.0 = Release|Any CPU
	EndGlobalSection
	GlobalSection(SolutionProperties) = preSolution
		HideSolutionNode = FALSE
	EndGlobalSection
EndGlobal
